
Microsoft Visual Studio Solution File, Format Version 12.00
# Visual Studio 15
VisualStudioVersion = 15.0.28010.2026
MinimumVisualStudioVersion = 10.0.40219.1
Project("{FAE04EC0-301F-11D3-BF4B-00C04F79EFBC}") = "Motor_control", "classe_24_09\Motor_control.csproj", "{1163F240-CA4E-4A7A-BD17-76AF87DBCEB6}"
EndProject
Global
	GlobalSection(SolutionConfigurationPlatforms) = preSolution
		Debug|Any CPU = Debug|Any CPU
		Release|Any CPU = Release|Any CPU
	EndGlobalSection
	GlobalSection(ProjectConfigurationPlatforms) = postSolution
		{1163F240-CA4E-4A7A-BD17-76AF87DBCEB6}.Debug|Any CPU.ActiveCfg = Debug|Any CPU
		{1163F240-CA4E-4A7A-BD17-76AF87DBCEB6}.Debug|Any CPU.Build.0 = Debug|Any CPU
		{1163F240-CA4E-4A7A-BD17-76AF87DBCEB6}.Release|Any CPU.ActiveCfg = Release|Any CPU
		{1163F240-CA4E-4A7A-BD17-76AF87DBCEB6}.Release|Any CPU.Build.0 = Release|Any CPU
	EndGlobalSection
	GlobalSection(SolutionProperties) = preSolution
		HideSolutionNode = FALSE
	EndGlobalSection
	GlobalSection(ExtensibilityGlobals) = postSolution
		SolutionGuid = {A08E7967-A653-4213-97B1-F8F847AD3FF6}
	EndGlobalSection
EndGlobal
